{
  "version": "5",
  "workspace": {
    "members": {
      "demoes/dungeon-heroes": {
        "dependencies": [
          "jsr:@adamduehansen/raylib-bindings@~0.1.19",
          "jsr:@std/assert@1"
        ]
      },
      "saga": {
        "dependencies": [
          "jsr:@std/assert@^1.0.19"
        ]
      }
    }
  }
}
